// !$*UTF8*$!
{
	archiveVersion = 1;
	classes = {
	};
	objectVersion = 52;
	objects = {

/* Begin PBXBuildFile section */
		220EB78624DB97CF00CB2204 /* AuthenticationManager.swift in Sources */ = {isa = PBXBuildFile; fileRef = 220EB78524DB97CF00CB2204 /* AuthenticationManager.swift */; };
		220EB78824DBD18D00CB2204 /* Constants.swift in Sources */ = {isa = PBXBuildFile; fileRef = 220EB78724DBD18D00CB2204 /* Constants.swift */; };
		2296E43324D88E1200F24037 /* LocalDataManager.swift in Sources */ = {isa = PBXBuildFile; fileRef = 2296E43224D88E1200F24037 /* LocalDataManager.swift */; };
		2296E43524D898C900F24037 /* CloudDataManager.swift in Sources */ = {isa = PBXBuildFile; fileRef = 2296E43424D898C900F24037 /* CloudDataManager.swift */; };
		22B39F4224CF6AA100F1DAAF /* Main.storyboard in Resources */ = {isa = PBXBuildFile; fileRef = E582B5EA1DBB817B0002D448 /* Main.storyboard */; };
		22B39F4424CF891F00F1DAAF /* LoginViewController.swift in Sources */ = {isa = PBXBuildFile; fileRef = 22B39F4324CF891F00F1DAAF /* LoginViewController.swift */; };
		22B39F4624CF894800F1DAAF /* RegisterViewController.swift in Sources */ = {isa = PBXBuildFile; fileRef = 22B39F4524CF894800F1DAAF /* RegisterViewController.swift */; };
		22F4D05524DB7DA60069E8D1 /* GoogleService-Info.plist in Resources */ = {isa = PBXBuildFile; fileRef = 22F4D05424DB7DA60069E8D1 /* GoogleService-Info.plist */; };
		2C3A26184DD18D692903BB75 /* Pods_Log_Your_Catch.framework in Frameworks */ = {isa = PBXBuildFile; fileRef = 95B21F1E33BFE5DB8E9FA9E2 /* Pods_Log_Your_Catch.framework */; };
		5DF6755624AAF17600F16731 /* DataModel.xcdatamodeld in Sources */ = {isa = PBXBuildFile; fileRef = 5DF6755424AAF17600F16731 /* DataModel.xcdatamodeld */; };
		E5238F2D1DBB83D30051907A /* MapViewController.swift in Sources */ = {isa = PBXBuildFile; fileRef = E5238F2B1DBB83D30051907A /* MapViewController.swift */; };
		E5238F2E1DBB83D30051907A /* ViewController.swift in Sources */ = {isa = PBXBuildFile; fileRef = E5238F2C1DBB83D30051907A /* ViewController.swift */; };
		E582B5E71DBB817B0002D448 /* AppDelegate.swift in Sources */ = {isa = PBXBuildFile; fileRef = E582B5E61DBB817B0002D448 /* AppDelegate.swift */; };
		E582B5EE1DBB817B0002D448 /* Assets.xcassets in Resources */ = {isa = PBXBuildFile; fileRef = E582B5ED1DBB817B0002D448 /* Assets.xcassets */; };
		E582B5F11DBB817B0002D448 /* LaunchScreen.storyboard in Resources */ = {isa = PBXBuildFile; fileRef = E582B5EF1DBB817B0002D448 /* LaunchScreen.storyboard */; };
/* End PBXBuildFile section */

/* Begin PBXFileReference section */
		220EB78524DB97CF00CB2204 /* AuthenticationManager.swift */ = {isa = PBXFileReference; lastKnownFileType = sourcecode.swift; path = AuthenticationManager.swift; sourceTree = "<group>"; };
		220EB78724DBD18D00CB2204 /* Constants.swift */ = {isa = PBXFileReference; lastKnownFileType = sourcecode.swift; path = Constants.swift; sourceTree = "<group>"; };
		2296E43224D88E1200F24037 /* LocalDataManager.swift */ = {isa = PBXFileReference; lastKnownFileType = sourcecode.swift; path = LocalDataManager.swift; sourceTree = "<group>"; };
		2296E43424D898C900F24037 /* CloudDataManager.swift */ = {isa = PBXFileReference; lastKnownFileType = sourcecode.swift; path = CloudDataManager.swift; sourceTree = "<group>"; };
		22B39F4324CF891F00F1DAAF /* LoginViewController.swift */ = {isa = PBXFileReference; lastKnownFileType = sourcecode.swift; path = LoginViewController.swift; sourceTree = "<group>"; };
		22B39F4524CF894800F1DAAF /* RegisterViewController.swift */ = {isa = PBXFileReference; lastKnownFileType = sourcecode.swift; path = RegisterViewController.swift; sourceTree = "<group>"; };
		22F4D05424DB7DA60069E8D1 /* GoogleService-Info.plist */ = {isa = PBXFileReference; fileEncoding = 4; lastKnownFileType = text.plist.xml; path = "GoogleService-Info.plist"; sourceTree = "<group>"; };
		51E8B447DA5ED8854DE8266A /* Pods-Log-Your-Catch.release.xcconfig */ = {isa = PBXFileReference; includeInIndex = 1; lastKnownFileType = text.xcconfig; name = "Pods-Log-Your-Catch.release.xcconfig"; path = "Target Support Files/Pods-Log-Your-Catch/Pods-Log-Your-Catch.release.xcconfig"; sourceTree = "<group>"; };
		5DF6755524AAF17600F16731 /* DataModel.xcdatamodel */ = {isa = PBXFileReference; lastKnownFileType = wrapper.xcdatamodel; path = DataModel.xcdatamodel; sourceTree = "<group>"; };
		6904AD757991C7A079E56F09 /* Pods-Log-Your-Catch.debug.xcconfig */ = {isa = PBXFileReference; includeInIndex = 1; lastKnownFileType = text.xcconfig; name = "Pods-Log-Your-Catch.debug.xcconfig"; path = "Target Support Files/Pods-Log-Your-Catch/Pods-Log-Your-Catch.debug.xcconfig"; sourceTree = "<group>"; };
		95B21F1E33BFE5DB8E9FA9E2 /* Pods_Log_Your_Catch.framework */ = {isa = PBXFileReference; explicitFileType = wrapper.framework; includeInIndex = 0; path = Pods_Log_Your_Catch.framework; sourceTree = BUILT_PRODUCTS_DIR; };
		E5238F2B1DBB83D30051907A /* MapViewController.swift */ = {isa = PBXFileReference; fileEncoding = 4; lastKnownFileType = sourcecode.swift; path = MapViewController.swift; sourceTree = "<group>"; };
		E5238F2C1DBB83D30051907A /* ViewController.swift */ = {isa = PBXFileReference; fileEncoding = 4; lastKnownFileType = sourcecode.swift; path = ViewController.swift; sourceTree = "<group>"; };
		E582B5E31DBB817B0002D448 /* Log Your Catch.app */ = {isa = PBXFileReference; explicitFileType = wrapper.application; includeInIndex = 0; path = "Log Your Catch.app"; sourceTree = BUILT_PRODUCTS_DIR; };
		E582B5E61DBB817B0002D448 /* AppDelegate.swift */ = {isa = PBXFileReference; lastKnownFileType = sourcecode.swift; path = AppDelegate.swift; sourceTree = "<group>"; };
		E582B5EB1DBB817B0002D448 /* Base */ = {isa = PBXFileReference; lastKnownFileType = file.storyboard; name = Base; path = Base.lproj/Main.storyboard; sourceTree = "<group>"; };
		E582B5ED1DBB817B0002D448 /* Assets.xcassets */ = {isa = PBXFileReference; lastKnownFileType = folder.assetcatalog; path = Assets.xcassets; sourceTree = "<group>"; };
		E582B5F01DBB817B0002D448 /* Base */ = {isa = PBXFileReference; lastKnownFileType = file.storyboard; name = Base; path = Base.lproj/LaunchScreen.storyboard; sourceTree = "<group>"; };
		E582B5F21DBB817B0002D448 /* Info.plist */ = {isa = PBXFileReference; lastKnownFileType = text.plist.xml; path = Info.plist; sourceTree = "<group>"; };
/* End PBXFileReference section */

/* Begin PBXFrameworksBuildPhase section */
		E582B5E01DBB817A0002D448 /* Frameworks */ = {
			isa = PBXFrameworksBuildPhase;
			buildActionMask = 2147483647;
			files = (
				2C3A26184DD18D692903BB75 /* Pods_Log_Your_Catch.framework in Frameworks */,
			);
			runOnlyForDeploymentPostprocessing = 0;
		};
/* End PBXFrameworksBuildPhase section */

/* Begin PBXGroup section */
		065D64EFC83D290A1F652845 /* Pods */ = {
			isa = PBXGroup;
			children = (
				6904AD757991C7A079E56F09 /* Pods-Log-Your-Catch.debug.xcconfig */,
				51E8B447DA5ED8854DE8266A /* Pods-Log-Your-Catch.release.xcconfig */,
			);
			path = Pods;
			sourceTree = "<group>";
		};
		2201612324D4D0980025A7FE /* Models */ = {
			isa = PBXGroup;
			children = (
				5DF6755424AAF17600F16731 /* DataModel.xcdatamodeld */,
				2296E43224D88E1200F24037 /* LocalDataManager.swift */,
				2296E43424D898C900F24037 /* CloudDataManager.swift */,
				220EB78524DB97CF00CB2204 /* AuthenticationManager.swift */,
			);
			path = Models;
			sourceTree = "<group>";
		};
		2265CA8AEBB203F7B37A21FD /* Frameworks */ = {
			isa = PBXGroup;
			children = (
				95B21F1E33BFE5DB8E9FA9E2 /* Pods_Log_Your_Catch.framework */,
			);
			name = Frameworks;
			sourceTree = "<group>";
		};
		E5238F2A1DBB83D30051907A /* Controllers */ = {
			isa = PBXGroup;
			children = (
				E5238F2B1DBB83D30051907A /* MapViewController.swift */,
				E5238F2C1DBB83D30051907A /* ViewController.swift */,
				22B39F4324CF891F00F1DAAF /* LoginViewController.swift */,
				22B39F4524CF894800F1DAAF /* RegisterViewController.swift */,
			);
			path = Controllers;
			sourceTree = "<group>";
		};
		E562A7DC1DC521EC00FF86F1 /* Views */ = {
			isa = PBXGroup;
			children = (
				E582B5EA1DBB817B0002D448 /* Main.storyboard */,
				E582B5EF1DBB817B0002D448 /* LaunchScreen.storyboard */,
			);
			path = Views;
			sourceTree = SOURCE_ROOT;
		};
		E582B5DA1DBB817A0002D448 = {
			isa = PBXGroup;
			children = (
				E582B5E51DBB817B0002D448 /* Log-Your-Catch */,
				E582B5E41DBB817B0002D448 /* Products */,
				065D64EFC83D290A1F652845 /* Pods */,
				2265CA8AEBB203F7B37A21FD /* Frameworks */,
			);
			sourceTree = "<group>";
		};
		E582B5E41DBB817B0002D448 /* Products */ = {
			isa = PBXGroup;
			children = (
				E582B5E31DBB817B0002D448 /* Log Your Catch.app */,
			);
			name = Products;
			sourceTree = "<group>";
		};
		E582B5E51DBB817B0002D448 /* Log-Your-Catch */ = {
			isa = PBXGroup;
			children = (
				2201612324D4D0980025A7FE /* Models */,
				E562A7DC1DC521EC00FF86F1 /* Views */,
				E5238F2A1DBB83D30051907A /* Controllers */,
				220EB78724DBD18D00CB2204 /* Constants.swift */,
				E582B5E61DBB817B0002D448 /* AppDelegate.swift */,
				E582B5ED1DBB817B0002D448 /* Assets.xcassets */,
				E582B5F21DBB817B0002D448 /* Info.plist */,
				22F4D05424DB7DA60069E8D1 /* GoogleService-Info.plist */,
			);
			path = "Log-Your-Catch";
			sourceTree = "<group>";
		};
/* End PBXGroup section */

/* Begin PBXNativeTarget section */
		E582B5E21DBB817A0002D448 /* Log-Your-Catch */ = {
			isa = PBXNativeTarget;
			buildConfigurationList = E582B5F51DBB817B0002D448 /* Build configuration list for PBXNativeTarget "Log-Your-Catch" */;
			buildPhases = (
				30A534507CE3E56A43A74968 /* [CP] Check Pods Manifest.lock */,
				E582B5DF1DBB817A0002D448 /* Sources */,
				E582B5E01DBB817A0002D448 /* Frameworks */,
				E582B5E11DBB817A0002D448 /* Resources */,
				43E337D8C50D7AA2D8A7C43C /* [CP] Embed Pods Frameworks */,
			);
			buildRules = (
			);
			dependencies = (
			);
			name = "Log-Your-Catch";
			productName = LocationManagerDemo;
			productReference = E582B5E31DBB817B0002D448 /* Log Your Catch.app */;
			productType = "com.apple.product-type.application";
		};
/* End PBXNativeTarget section */

/* Begin PBXProject section */
		E582B5DB1DBB817A0002D448 /* Project object */ = {
			isa = PBXProject;
			attributes = {
				LastSwiftUpdateCheck = 0800;
				LastUpgradeCheck = 1140;
				ORGANIZATIONNAME = Strand;
				TargetAttributes = {
					E582B5E21DBB817A0002D448 = {
						CreatedOnToolsVersion = 8.0;
						LastSwiftMigration = 1140;
					};
				};
			};
			buildConfigurationList = E582B5DE1DBB817A0002D448 /* Build configuration list for PBXProject "Log-Your-Catch" */;
			compatibilityVersion = "Xcode 11.0";
			developmentRegion = en;
			hasScannedForEncodings = 0;
			knownRegions = (
				en,
				Base,
			);
			mainGroup = E582B5DA1DBB817A0002D448;
			productRefGroup = E582B5E41DBB817B0002D448 /* Products */;
			projectDirPath = "";
			projectRoot = "";
			targets = (
				E582B5E21DBB817A0002D448 /* Log-Your-Catch */,
			);
		};
/* End PBXProject section */

/* Begin PBXResourcesBuildPhase section */
		E582B5E11DBB817A0002D448 /* Resources */ = {
			isa = PBXResourcesBuildPhase;
			buildActionMask = 2147483647;
			files = (
				22B39F4224CF6AA100F1DAAF /* Main.storyboard in Resources */,
				22F4D05524DB7DA60069E8D1 /* GoogleService-Info.plist in Resources */,
				E582B5F11DBB817B0002D448 /* LaunchScreen.storyboard in Resources */,
				E582B5EE1DBB817B0002D448 /* Assets.xcassets in Resources */,
			);
			runOnlyForDeploymentPostprocessing = 0;
		};
/* End PBXResourcesBuildPhase section */

/* Begin PBXShellScriptBuildPhase section */
		30A534507CE3E56A43A74968 /* [CP] Check Pods Manifest.lock */ = {
			isa = PBXShellScriptBuildPhase;
			buildActionMask = 2147483647;
			files = (
			);
			inputFileListPaths = (
			);
			inputPaths = (
				"${PODS_PODFILE_DIR_PATH}/Podfile.lock",
				"${PODS_ROOT}/Manifest.lock",
			);
			name = "[CP] Check Pods Manifest.lock";
			outputFileListPaths = (
			);
			outputPaths = (
				"$(DERIVED_FILE_DIR)/Pods-Log-Your-Catch-checkManifestLockResult.txt",
			);
			runOnlyForDeploymentPostprocessing = 0;
			shellPath = /bin/sh;
			shellScript = "diff \"${PODS_PODFILE_DIR_PATH}/Podfile.lock\" \"${PODS_ROOT}/Manifest.lock\" > /dev/null\nif [ $? != 0 ] ; then\n    # print error to STDERR\n    echo \"error: The sandbox is not in sync with the Podfile.lock. Run 'pod install' or update your CocoaPods installation.\" >&2\n    exit 1\nfi\n# This output is used by Xcode 'outputs' to avoid re-running this script phase.\necho \"SUCCESS\" > \"${SCRIPT_OUTPUT_FILE_0}\"\n";
			showEnvVarsInLog = 0;
		};
		43E337D8C50D7AA2D8A7C43C /* [CP] Embed Pods Frameworks */ = {
			isa = PBXShellScriptBuildPhase;
			buildActionMask = 2147483647;
			files = (
			);
			inputFileListPaths = (
				"${PODS_ROOT}/Target Support Files/Pods-Log-Your-Catch/Pods-Log-Your-Catch-frameworks-${CONFIGURATION}-input-files.xcfilelist",
			);
			name = "[CP] Embed Pods Frameworks";
			outputFileListPaths = (
				"${PODS_ROOT}/Target Support Files/Pods-Log-Your-Catch/Pods-Log-Your-Catch-frameworks-${CONFIGURATION}-output-files.xcfilelist",
			);
			runOnlyForDeploymentPostprocessing = 0;
			shellPath = /bin/sh;
			shellScript = "\"${PODS_ROOT}/Target Support Files/Pods-Log-Your-Catch/Pods-Log-Your-Catch-frameworks.sh\"\n";
			showEnvVarsInLog = 0;
		};
/* End PBXShellScriptBuildPhase section */

/* Begin PBXSourcesBuildPhase section */
		E582B5DF1DBB817A0002D448 /* Sources */ = {
			isa = PBXSourcesBuildPhase;
			buildActionMask = 2147483647;
			files = (
				2296E43324D88E1200F24037 /* LocalDataManager.swift in Sources */,
				22B39F4424CF891F00F1DAAF /* LoginViewController.swift in Sources */,
				E582B5E71DBB817B0002D448 /* AppDelegate.swift in Sources */,
				220EB78624DB97CF00CB2204 /* AuthenticationManager.swift in Sources */,
				22B39F4624CF894800F1DAAF /* RegisterViewController.swift in Sources */,
				220EB78824DBD18D00CB2204 /* Constants.swift in Sources */,
				5DF6755624AAF17600F16731 /* DataModel.xcdatamodeld in Sources */,
				2296E43524D898C900F24037 /* CloudDataManager.swift in Sources */,
				E5238F2D1DBB83D30051907A /* MapViewController.swift in Sources */,
				E5238F2E1DBB83D30051907A /* ViewController.swift in Sources */,
			);
			runOnlyForDeploymentPostprocessing = 0;
		};
/* End PBXSourcesBuildPhase section */

/* Begin PBXVariantGroup section */
		E582B5EA1DBB817B0002D448 /* Main.storyboard */ = {
			isa = PBXVariantGroup;
			children = (
				E582B5EB1DBB817B0002D448 /* Base */,
			);
			name = Main.storyboard;
			sourceTree = "<group>";
		};
		E582B5EF1DBB817B0002D448 /* LaunchScreen.storyboard */ = {
			isa = PBXVariantGroup;
			children = (
				E582B5F01DBB817B0002D448 /* Base */,
			);
			name = LaunchScreen.storyboard;
			sourceTree = "<group>";
		};
/* End PBXVariantGroup section */

/* Begin XCBuildConfiguration section */
		E582B5F31DBB817B0002D448 /* Debug */ = {
			isa = XCBuildConfiguration;
			buildSettings = {
				ALWAYS_SEARCH_USER_PATHS = NO;
				CLANG_ANALYZER_LOCALIZABILITY_NONLOCALIZED = YES;
				CLANG_ANALYZER_NONNULL = YES;
				CLANG_CXX_LANGUAGE_STANDARD = "gnu++0x";
				CLANG_CXX_LIBRARY = "libc++";
				CLANG_ENABLE_MODULES = YES;
				CLANG_ENABLE_OBJC_ARC = YES;
				CLANG_WARN_BLOCK_CAPTURE_AUTORELEASING = YES;
				CLANG_WARN_BOOL_CONVERSION = YES;
				CLANG_WARN_COMMA = YES;
				CLANG_WARN_CONSTANT_CONVERSION = YES;
				CLANG_WARN_DEPRECATED_OBJC_IMPLEMENTATIONS = YES;
				CLANG_WARN_DIRECT_OBJC_ISA_USAGE = YES_ERROR;
				CLANG_WARN_DOCUMENTATION_COMMENTS = YES;
				CLANG_WARN_EMPTY_BODY = YES;
				CLANG_WARN_ENUM_CONVERSION = YES;
				CLANG_WARN_INFINITE_RECURSION = YES;
				CLANG_WARN_INT_CONVERSION = YES;
				CLANG_WARN_NON_LITERAL_NULL_CONVERSION = YES;
				CLANG_WARN_OBJC_IMPLICIT_RETAIN_SELF = YES;
				CLANG_WARN_OBJC_LITERAL_CONVERSION = YES;
				CLANG_WARN_OBJC_ROOT_CLASS = YES_ERROR;
				CLANG_WARN_RANGE_LOOP_ANALYSIS = YES;
				CLANG_WARN_STRICT_PROTOTYPES = YES;
				CLANG_WARN_SUSPICIOUS_MOVE = YES;
				CLANG_WARN_SUSPICIOUS_MOVES = YES;
				CLANG_WARN_UNREACHABLE_CODE = YES;
				CLANG_WARN__DUPLICATE_METHOD_MATCH = YES;
				"CODE_SIGN_IDENTITY[sdk=iphoneos*]" = "iPhone Developer";
				COPY_PHASE_STRIP = NO;
				DEBUG_INFORMATION_FORMAT = dwarf;
				ENABLE_STRICT_OBJC_MSGSEND = YES;
				ENABLE_TESTABILITY = YES;
				GCC_C_LANGUAGE_STANDARD = gnu99;
				GCC_DYNAMIC_NO_PIC = NO;
				GCC_NO_COMMON_BLOCKS = YES;
				GCC_OPTIMIZATION_LEVEL = 0;
				GCC_PREPROCESSOR_DEFINITIONS = (
					"DEBUG=1",
					"$(inherited)",
				);
				GCC_WARN_64_TO_32_BIT_CONVERSION = YES;
				GCC_WARN_ABOUT_RETURN_TYPE = YES_ERROR;
				GCC_WARN_UNDECLARED_SELECTOR = YES;
				GCC_WARN_UNINITIALIZED_AUTOS = YES_AGGRESSIVE;
				GCC_WARN_UNUSED_FUNCTION = YES;
				GCC_WARN_UNUSED_VARIABLE = YES;
				IPHONEOS_DEPLOYMENT_TARGET = 10.0;
				MTL_ENABLE_DEBUG_INFO = YES;
				ONLY_ACTIVE_ARCH = YES;
				SDKROOT = iphoneos;
				SWIFT_ACTIVE_COMPILATION_CONDITIONS = DEBUG;
				SWIFT_OPTIMIZATION_LEVEL = "-Onone";
			};
			name = Debug;
		};
		E582B5F41DBB817B0002D448 /* Release */ = {
			isa = XCBuildConfiguration;
			buildSettings = {
				ALWAYS_SEARCH_USER_PATHS = NO;
				CLANG_ANALYZER_LOCALIZABILITY_NONLOCALIZED = YES;
				CLANG_ANALYZER_NONNULL = YES;
				CLANG_CXX_LANGUAGE_STANDARD = "gnu++0x";
				CLANG_CXX_LIBRARY = "libc++";
				CLANG_ENABLE_MODULES = YES;
				CLANG_ENABLE_OBJC_ARC = YES;
				CLANG_WARN_BLOCK_CAPTURE_AUTORELEASING = YES;
				CLANG_WARN_BOOL_CONVERSION = YES;
				CLANG_WARN_COMMA = YES;
				CLANG_WARN_CONSTANT_CONVERSION = YES;
				CLANG_WARN_DEPRECATED_OBJC_IMPLEMENTATIONS = YES;
				CLANG_WARN_DIRECT_OBJC_ISA_USAGE = YES_ERROR;
				CLANG_WARN_DOCUMENTATION_COMMENTS = YES;
				CLANG_WARN_EMPTY_BODY = YES;
				CLANG_WARN_ENUM_CONVERSION = YES;
				CLANG_WARN_INFINITE_RECURSION = YES;
				CLANG_WARN_INT_CONVERSION = YES;
				CLANG_WARN_NON_LITERAL_NULL_CONVERSION = YES;
				CLANG_WARN_OBJC_IMPLICIT_RETAIN_SELF = YES;
				CLANG_WARN_OBJC_LITERAL_CONVERSION = YES;
				CLANG_WARN_OBJC_ROOT_CLASS = YES_ERROR;
				CLANG_WARN_RANGE_LOOP_ANALYSIS = YES;
				CLANG_WARN_STRICT_PROTOTYPES = YES;
				CLANG_WARN_SUSPICIOUS_MOVE = YES;
				CLANG_WARN_SUSPICIOUS_MOVES = YES;
				CLANG_WARN_UNREACHABLE_CODE = YES;
				CLANG_WARN__DUPLICATE_METHOD_MATCH = YES;
				"CODE_SIGN_IDENTITY[sdk=iphoneos*]" = "iPhone Developer";
				COPY_PHASE_STRIP = NO;
				DEBUG_INFORMATION_FORMAT = "dwarf-with-dsym";
				ENABLE_NS_ASSERTIONS = NO;
				ENABLE_STRICT_OBJC_MSGSEND = YES;
				GCC_C_LANGUAGE_STANDARD = gnu99;
				GCC_NO_COMMON_BLOCKS = YES;
				GCC_WARN_64_TO_32_BIT_CONVERSION = YES;
				GCC_WARN_ABOUT_RETURN_TYPE = YES_ERROR;
				GCC_WARN_UNDECLARED_SELECTOR = YES;
				GCC_WARN_UNINITIALIZED_AUTOS = YES_AGGRESSIVE;
				GCC_WARN_UNUSED_FUNCTION = YES;
				GCC_WARN_UNUSED_VARIABLE = YES;
				IPHONEOS_DEPLOYMENT_TARGET = 10.0;
				MTL_ENABLE_DEBUG_INFO = NO;
				SDKROOT = iphoneos;
				SWIFT_COMPILATION_MODE = wholemodule;
				SWIFT_OPTIMIZATION_LEVEL = "-O";
				VALIDATE_PRODUCT = YES;
			};
			name = Release;
		};
		E582B5F61DBB817B0002D448 /* Debug */ = {
			isa = XCBuildConfiguration;
			baseConfigurationReference = 6904AD757991C7A079E56F09 /* Pods-Log-Your-Catch.debug.xcconfig */;
			buildSettings = {
				ASSETCATALOG_COMPILER_APPICON_NAME = AppIcon;
				CODE_SIGN_IDENTITY = "Apple Development";
				CODE_SIGN_STYLE = Automatic;
				CURRENT_PROJECT_VERSION = 4;
				DEVELOPMENT_TEAM = RS7VHGVF75;
				INFOPLIST_FILE = "Log-Your-Catch/Info.plist";
				IPHONEOS_DEPLOYMENT_TARGET = 13.0;
				LD_RUNPATH_SEARCH_PATHS = (
					"$(inherited)",
					"@executable_path/Frameworks",
				);
				MARKETING_VERSION = 1.2;
				PRODUCT_BUNDLE_IDENTIFIER = "com.strand.Log-Your-Catch";
				PRODUCT_NAME = "Log Your Catch";
				PROVISIONING_PROFILE_SPECIFIER = "";
				SWIFT_SWIFT3_OBJC_INFERENCE = Default;
				SWIFT_VERSION = 5.0;
			};
			name = Debug;
		};
		E582B5F71DBB817B0002D448 /* Release */ = {
			isa = XCBuildConfiguration;
			baseConfigurationReference = 51E8B447DA5ED8854DE8266A /* Pods-Log-Your-Catch.release.xcconfig */;
			buildSettings = {
				ASSETCATALOG_COMPILER_APPICON_NAME = AppIcon;
				CODE_SIGN_IDENTITY = "Apple Development";
				CODE_SIGN_STYLE = Automatic;
				CURRENT_PROJECT_VERSION = 4;
				DEVELOPMENT_TEAM = RS7VHGVF75;
				INFOPLIST_FILE = "Log-Your-Catch/Info.plist";
				IPHONEOS_DEPLOYMENT_TARGET = 13.0;
				LD_RUNPATH_SEARCH_PATHS = (
					"$(inherited)",
					"@executable_path/Frameworks",
				);
				MARKETING_VERSION = 1.2;
				PRODUCT_BUNDLE_IDENTIFIER = "com.strand.Log-Your-Catch";
				PRODUCT_NAME = "Log Your Catch";
				PROVISIONING_PROFILE_SPECIFIER = "";
				SWIFT_SWIFT3_OBJC_INFERENCE = Default;
				SWIFT_VERSION = 5.0;
			};
			name = Release;
		};
/* End XCBuildConfiguration section */

/* Begin XCConfigurationList section */
		E582B5DE1DBB817A0002D448 /* Build configuration list for PBXProject "Log-Your-Catch" */ = {
			isa = XCConfigurationList;
			buildConfigurations = (
				E582B5F31DBB817B0002D448 /* Debug */,
				E582B5F41DBB817B0002D448 /* Release */,
			);
			defaultConfigurationIsVisible = 0;
			defaultConfigurationName = Release;
		};
		E582B5F51DBB817B0002D448 /* Build configuration list for PBXNativeTarget "Log-Your-Catch" */ = {
			isa = XCConfigurationList;
			buildConfigurations = (
				E582B5F61DBB817B0002D448 /* Debug */,
				E582B5F71DBB817B0002D448 /* Release */,
			);
			defaultConfigurationIsVisible = 0;
			defaultConfigurationName = Release;
		};
/* End XCConfigurationList section */

/* Begin XCVersionGroup section */
		5DF6755424AAF17600F16731 /* DataModel.xcdatamodeld */ = {
			isa = XCVersionGroup;
			children = (
				5DF6755524AAF17600F16731 /* DataModel.xcdatamodel */,
			);
			currentVersion = 5DF6755524AAF17600F16731 /* DataModel.xcdatamodel */;
			path = DataModel.xcdatamodeld;
			sourceTree = "<group>";
			versionGroupType = wrapper.xcdatamodel;
		};
/* End XCVersionGroup section */
	};
	rootObject = E582B5DB1DBB817A0002D448 /* Project object */;
}
